
Microsoft Visual Studio Solution File, Format Version 12.00
# Visual Studio Version 17
VisualStudioVersion = 17.4.33110.190
MinimumVisualStudioVersion = 10.0.40219.1
Project("{FAE04EC0-301F-11D3-BF4B-00C04F79EFBC}") = "Lab_2", "Lab_2\Lab_2.csproj", "{D1C02B46-1A9E-4DA5-ACAB-4EBA928D4EA3}"
EndProject
Global
	GlobalSection(SolutionConfigurationPlatforms) = preSolution
		Debug|Any CPU = Debug|Any CPU
		Release|Any CPU = Release|Any CPU
	EndGlobalSection
	GlobalSection(ProjectConfigurationPlatforms) = postSolution
		{D1C02B46-1A9E-4DA5-ACAB-4EBA928D4EA3}.Debug|Any CPU.ActiveCfg = Debug|Any CPU
		{D1C02B46-1A9E-4DA5-ACAB-4EBA928D4EA3}.Debug|Any CPU.Build.0 = Debug|Any CPU
		{D1C02B46-1A9E-4DA5-ACAB-4EBA928D4EA3}.Release|Any CPU.ActiveCfg = Release|Any CPU
		{D1C02B46-1A9E-4DA5-ACAB-4EBA928D4EA3}.Release|Any CPU.Build.0 = Release|Any CPU
	EndGlobalSection
	GlobalSection(SolutionProperties) = preSolution
		HideSolutionNode = FALSE
	EndGlobalSection
	GlobalSection(ExtensibilityGlobals) = postSolution
		SolutionGuid = {54C3DA54-E667-4001-BCEC-500D2573A0B7}
	EndGlobalSection
EndGlobal
